
Microsoft Visual Studio Solution File, Format Version 12.00
# Visual Studio Version 17
VisualStudioVersion = 17.6.33829.357
MinimumVisualStudioVersion = 10.0.40219.1
Project("{FAE04EC0-301F-11D3-BF4B-00C04F79EFBC}") = "Database_project", "Database_project.csproj", "{4AE7CCC6-28A2-4B34-B24C-DA3344177C61}"
EndProject
Global
	GlobalSection(SolutionConfigurationPlatforms) = preSolution
		Debug|Any CPU = Debug|Any CPU
		Release|Any CPU = Release|Any CPU
	EndGlobalSection
	GlobalSection(ProjectConfigurationPlatforms) = postSolution
		{4AE7CCC6-28A2-4B34-B24C-DA3344177C61}.Debug|Any CPU.ActiveCfg = Debug|Any CPU
		{4AE7CCC6-28A2-4B34-B24C-DA3344177C61}.Debug|Any CPU.Build.0 = Debug|Any CPU
		{4AE7CCC6-28A2-4B34-B24C-DA3344177C61}.Release|Any CPU.ActiveCfg = Release|Any CPU
		{4AE7CCC6-28A2-4B34-B24C-DA3344177C61}.Release|Any CPU.Build.0 = Release|Any CPU
	EndGlobalSection
	GlobalSection(SolutionProperties) = preSolution
		HideSolutionNode = FALSE
	EndGlobalSection
	GlobalSection(ExtensibilityGlobals) = postSolution
		SolutionGuid = {C5065D55-0B45-477D-B7CB-9264B4599DA6}
	EndGlobalSection
EndGlobal
